
Microsoft Visual Studio Solution File, Format Version 12.00
# Visual Studio 2012
Project("{FAE04EC0-301F-11D3-BF4B-00C04F79EFBC}") = "DevOps", "DevOps\DevOps.csproj", "{77F1A33F-F2C2-40A1-B093-9B8730CC206A}"
EndProject
Project("{FAE04EC0-301F-11D3-BF4B-00C04F79EFBC}") = "DevOps.iOS", "iOS\DevOps.iOS.csproj", "{8404219A-3353-42C3-A08E-6BECDFB6994F}"
EndProject
Project("{FAE04EC0-301F-11D3-BF4B-00C04F79EFBC}") = "DevOps.Droid", "Droid\DevOps.Droid.csproj", "{916E3C1D-547A-438E-BE9A-AAA6A3A57842}"
EndProject
Global
	GlobalSection(SolutionConfigurationPlatforms) = preSolution
		Debug|Any CPU = Debug|Any CPU
		Release|Any CPU = Release|Any CPU
		Debug|iPhoneSimulator = Debug|iPhoneSimulator
		Release|iPhone = Release|iPhone
		Release|iPhoneSimulator = Release|iPhoneSimulator
		Debug|iPhone = Debug|iPhone
	EndGlobalSection
	GlobalSection(ProjectConfigurationPlatforms) = postSolution
		{77F1A33F-F2C2-40A1-B093-9B8730CC206A}.Debug|Any CPU.ActiveCfg = Debug|Any CPU
		{77F1A33F-F2C2-40A1-B093-9B8730CC206A}.Debug|Any CPU.Build.0 = Debug|Any CPU
		{77F1A33F-F2C2-40A1-B093-9B8730CC206A}.Release|Any CPU.ActiveCfg = Release|Any CPU
		{77F1A33F-F2C2-40A1-B093-9B8730CC206A}.Release|Any CPU.Build.0 = Release|Any CPU
		{77F1A33F-F2C2-40A1-B093-9B8730CC206A}.Debug|iPhoneSimulator.ActiveCfg = Debug|Any CPU
		{77F1A33F-F2C2-40A1-B093-9B8730CC206A}.Debug|iPhoneSimulator.Build.0 = Debug|Any CPU
		{77F1A33F-F2C2-40A1-B093-9B8730CC206A}.Release|iPhone.ActiveCfg = Release|Any CPU
		{77F1A33F-F2C2-40A1-B093-9B8730CC206A}.Release|iPhone.Build.0 = Release|Any CPU
		{77F1A33F-F2C2-40A1-B093-9B8730CC206A}.Release|iPhoneSimulator.ActiveCfg = Release|Any CPU
		{77F1A33F-F2C2-40A1-B093-9B8730CC206A}.Release|iPhoneSimulator.Build.0 = Release|Any CPU
		{77F1A33F-F2C2-40A1-B093-9B8730CC206A}.Debug|iPhone.ActiveCfg = Debug|Any CPU
		{77F1A33F-F2C2-40A1-B093-9B8730CC206A}.Debug|iPhone.Build.0 = Debug|Any CPU
		{8404219A-3353-42C3-A08E-6BECDFB6994F}.Debug|Any CPU.ActiveCfg = Debug|iPhoneSimulator
		{8404219A-3353-42C3-A08E-6BECDFB6994F}.Debug|Any CPU.Build.0 = Debug|iPhoneSimulator
		{8404219A-3353-42C3-A08E-6BECDFB6994F}.Release|Any CPU.ActiveCfg = Release|iPhone
		{8404219A-3353-42C3-A08E-6BECDFB6994F}.Release|Any CPU.Build.0 = Release|iPhone
		{8404219A-3353-42C3-A08E-6BECDFB6994F}.Debug|iPhoneSimulator.ActiveCfg = Debug|iPhoneSimulator
		{8404219A-3353-42C3-A08E-6BECDFB6994F}.Debug|iPhoneSimulator.Build.0 = Debug|iPhoneSimulator
		{8404219A-3353-42C3-A08E-6BECDFB6994F}.Release|iPhone.ActiveCfg = Release|iPhone
		{8404219A-3353-42C3-A08E-6BECDFB6994F}.Release|iPhone.Build.0 = Release|iPhone
		{8404219A-3353-42C3-A08E-6BECDFB6994F}.Release|iPhoneSimulator.ActiveCfg = Release|iPhoneSimulator
		{8404219A-3353-42C3-A08E-6BECDFB6994F}.Release|iPhoneSimulator.Build.0 = Release|iPhoneSimulator
		{8404219A-3353-42C3-A08E-6BECDFB6994F}.Debug|iPhone.ActiveCfg = Debug|iPhone
		{8404219A-3353-42C3-A08E-6BECDFB6994F}.Debug|iPhone.Build.0 = Debug|iPhone
		{916E3C1D-547A-438E-BE9A-AAA6A3A57842}.Debug|Any CPU.ActiveCfg = Debug|Any CPU
		{916E3C1D-547A-438E-BE9A-AAA6A3A57842}.Debug|Any CPU.Build.0 = Debug|Any CPU
		{916E3C1D-547A-438E-BE9A-AAA6A3A57842}.Release|Any CPU.ActiveCfg = Release|Any CPU
		{916E3C1D-547A-438E-BE9A-AAA6A3A57842}.Release|Any CPU.Build.0 = Release|Any CPU
		{916E3C1D-547A-438E-BE9A-AAA6A3A57842}.Debug|iPhoneSimulator.ActiveCfg = Debug|Any CPU
		{916E3C1D-547A-438E-BE9A-AAA6A3A57842}.Debug|iPhoneSimulator.Build.0 = Debug|Any CPU
		{916E3C1D-547A-438E-BE9A-AAA6A3A57842}.Release|iPhone.ActiveCfg = Release|Any CPU
		{916E3C1D-547A-438E-BE9A-AAA6A3A57842}.Release|iPhone.Build.0 = Release|Any CPU
		{916E3C1D-547A-438E-BE9A-AAA6A3A57842}.Release|iPhoneSimulator.ActiveCfg = Release|Any CPU
		{916E3C1D-547A-438E-BE9A-AAA6A3A57842}.Release|iPhoneSimulator.Build.0 = Release|Any CPU
		{916E3C1D-547A-438E-BE9A-AAA6A3A57842}.Debug|iPhone.ActiveCfg = Debug|Any CPU
		{916E3C1D-547A-438E-BE9A-AAA6A3A57842}.Debug|iPhone.Build.0 = Debug|Any CPU
	EndGlobalSection
EndGlobal
